
Microsoft Visual Studio Solution File, Format Version 12.00
# Visual Studio Version 17
VisualStudioVersion = 17.0.31903.59
MinimumVisualStudioVersion = 10.0.40219.1
Project("{2150E333-8FDC-42A3-9474-1A3956D46DE8}") = "src", "src", "{6ED356A7-8B47-4613-AD01-C85CF28491BD}"
EndProject
Project("{2150E333-8FDC-42A3-9474-1A3956D46DE8}") = "Solution Items", "Solution Items", "{E2DA20AA-28D1-455C-BF50-C49A8F831633}"
	ProjectSection(SolutionItems) = preProject
		.editorconfig = .editorconfig
		.gitignore = .gitignore
		.config\dotnet-tools.json = .config\dotnet-tools.json
		global.json = global.json
	EndProjectSection
EndProject
Project("{E53339B2-1760-4266-BCC7-CA923CBCF16C}") = "docker-compose", "docker-compose.dcproj", "{0EB294DC-FC76-4432-B76E-E95BCCC24E21}"
EndProject
Project("{2150E333-8FDC-42A3-9474-1A3956D46DE8}") = "AuditService", "AuditService", "{0EFD3229-E13A-4E0F-ADEE-233B3BE8E8F3}"
EndProject
Project("{9A19103F-16F7-4668-BE54-9A1E7A4F7556}") = "AuditService.Api", "src\AuditService\AuditService.Api\AuditService.Api.csproj", "{EED5FBEE-106F-465D-91DC-1B1C7BFA4BEE}"
EndProject
Project("{9A19103F-16F7-4668-BE54-9A1E7A4F7556}") = "AuditService.Application", "src\AuditService\AuditService.Application\AuditService.Application.csproj", "{831652A7-46DB-4BEC-8C29-25DD89C850A2}"
EndProject
Project("{9A19103F-16F7-4668-BE54-9A1E7A4F7556}") = "AuditService.Infrastructure", "src\AuditService\AuditService.Infrastructure\AuditService.Infrastructure.csproj", "{A57662AF-3F20-4500-ABAB-AC12EDE74DAD}"
EndProject
Project("{2150E333-8FDC-42A3-9474-1A3956D46DE8}") = "ExpenseService", "ExpenseService", "{7ADB5BE6-AC69-4580-891D-8166067920A5}"
EndProject
Project("{9A19103F-16F7-4668-BE54-9A1E7A4F7556}") = "ExpenseService.Api", "src\ExpenseService\ExpenseService.Api\ExpenseService.Api.csproj", "{98F5144D-23F9-416B-B593-3210EB320356}"
EndProject
Project("{9A19103F-16F7-4668-BE54-9A1E7A4F7556}") = "ExpenseService.Application", "src\ExpenseService\ExpenseService.Application\ExpenseService.Application.csproj", "{5732EF80-7190-4693-BE02-6D56B40FF776}"
EndProject
Project("{9A19103F-16F7-4668-BE54-9A1E7A4F7556}") = "ExpenseService.Infrastructure", "src\ExpenseService\ExpenseService.Infrastructure\ExpenseService.Infrastructure.csproj", "{04869B28-09C8-4312-9B4D-4ED453C7A9A0}"
EndProject
Project("{2150E333-8FDC-42A3-9474-1A3956D46DE8}") = "ExpenseTracker", "ExpenseTracker", "{1105AAF2-B11D-40C1-9FFD-394FE84BCD3A}"
EndProject
Project("{9A19103F-16F7-4668-BE54-9A1E7A4F7556}") = "ExpenseTracker.Application", "src\ExpenseTracker\ExpenseTracker.Application\ExpenseTracker.Application.csproj", "{DAB13CFB-4144-4B67-A1AE-3D07F530E08A}"
EndProject
Project("{9A19103F-16F7-4668-BE54-9A1E7A4F7556}") = "ExpenseTracker.Api", "src\ExpenseTracker\ExpenseTracker.Api\ExpenseTracker.Api.csproj", "{630FF588-D308-4FBA-9E62-44FC1D45091E}"
EndProject
Project("{9A19103F-16F7-4668-BE54-9A1E7A4F7556}") = "ExpenseService.Domain", "src\ExpenseService\ExpenseService.Domain\ExpenseService.Domain.csproj", "{C084BEFA-DABC-415C-8D81-29A9DB3FF85C}"
EndProject
Project("{9A19103F-16F7-4668-BE54-9A1E7A4F7556}") = "ExpenseTracker.BuildingBlocks", "src\ExpenseTracker\ExpenseTracker.BuildingBlocks\ExpenseTracker.BuildingBlocks.csproj", "{2FE4ACDD-64FB-40C3-B542-FA49587CA76C}"
EndProject
Project("{9A19103F-16F7-4668-BE54-9A1E7A4F7556}") = "AuditService.Domain", "src\AuditService\AuditService.Domain\AuditService.Domain.csproj", "{3882309D-617F-4F42-B351-CBCC27398842}"
EndProject
Project("{9A19103F-16F7-4668-BE54-9A1E7A4F7556}") = "ExpenseTracker.Contracts", "src\ExpenseTracker\ExpenseTracker.Contracts\ExpenseTracker.Contracts.csproj", "{6F7533FF-AA2E-49B2-B6B3-A5962929AE97}"
EndProject
Project("{2150E333-8FDC-42A3-9474-1A3956D46DE8}") = "tests", "tests", "{F7AFAFC4-33CA-4B36-BA0D-E4CB767AC232}"
EndProject
Project("{9A19103F-16F7-4668-BE54-9A1E7A4F7556}") = "ExpenseService.UnitTests", "tests\ExpenseService.UnitTests\ExpenseService.UnitTests.csproj", "{9F0A6710-5E00-4FF3-8808-34B0C8558801}"
EndProject
Project("{9A19103F-16F7-4668-BE54-9A1E7A4F7556}") = "AuditService.UnitTests", "tests\AuditService.UnitTests\AuditService.UnitTests.csproj", "{0E1EE76C-4CF1-4D65-9509-5224B1039768}"
EndProject
Project("{FAE04EC0-301F-11D3-BF4B-00C04F79EFBC}") = "AuditService.IntegrationTests", "tests\AuditService.IntegrationTests\AuditService.IntegrationTests.csproj", "{B5962597-678A-4A96-BA0F-EC2A463E6010}"
EndProject
Global
	GlobalSection(SolutionConfigurationPlatforms) = preSolution
		Debug|Any CPU = Debug|Any CPU
		Release|Any CPU = Release|Any CPU
	EndGlobalSection
	GlobalSection(ProjectConfigurationPlatforms) = postSolution
		{0EB294DC-FC76-4432-B76E-E95BCCC24E21}.Debug|Any CPU.ActiveCfg = Debug|Any CPU
		{0EB294DC-FC76-4432-B76E-E95BCCC24E21}.Debug|Any CPU.Build.0 = Debug|Any CPU
		{0EB294DC-FC76-4432-B76E-E95BCCC24E21}.Release|Any CPU.ActiveCfg = Release|Any CPU
		{0EB294DC-FC76-4432-B76E-E95BCCC24E21}.Release|Any CPU.Build.0 = Release|Any CPU
		{EED5FBEE-106F-465D-91DC-1B1C7BFA4BEE}.Debug|Any CPU.ActiveCfg = Debug|Any CPU
		{EED5FBEE-106F-465D-91DC-1B1C7BFA4BEE}.Debug|Any CPU.Build.0 = Debug|Any CPU
		{EED5FBEE-106F-465D-91DC-1B1C7BFA4BEE}.Release|Any CPU.ActiveCfg = Release|Any CPU
		{EED5FBEE-106F-465D-91DC-1B1C7BFA4BEE}.Release|Any CPU.Build.0 = Release|Any CPU
		{831652A7-46DB-4BEC-8C29-25DD89C850A2}.Debug|Any CPU.ActiveCfg = Debug|Any CPU
		{831652A7-46DB-4BEC-8C29-25DD89C850A2}.Debug|Any CPU.Build.0 = Debug|Any CPU
		{831652A7-46DB-4BEC-8C29-25DD89C850A2}.Release|Any CPU.ActiveCfg = Release|Any CPU
		{831652A7-46DB-4BEC-8C29-25DD89C850A2}.Release|Any CPU.Build.0 = Release|Any CPU
		{A57662AF-3F20-4500-ABAB-AC12EDE74DAD}.Debug|Any CPU.ActiveCfg = Debug|Any CPU
		{A57662AF-3F20-4500-ABAB-AC12EDE74DAD}.Debug|Any CPU.Build.0 = Debug|Any CPU
		{A57662AF-3F20-4500-ABAB-AC12EDE74DAD}.Release|Any CPU.ActiveCfg = Release|Any CPU
		{A57662AF-3F20-4500-ABAB-AC12EDE74DAD}.Release|Any CPU.Build.0 = Release|Any CPU
		{98F5144D-23F9-416B-B593-3210EB320356}.Debug|Any CPU.ActiveCfg = Debug|Any CPU
		{98F5144D-23F9-416B-B593-3210EB320356}.Debug|Any CPU.Build.0 = Debug|Any CPU
		{98F5144D-23F9-416B-B593-3210EB320356}.Release|Any CPU.ActiveCfg = Release|Any CPU
		{98F5144D-23F9-416B-B593-3210EB320356}.Release|Any CPU.Build.0 = Release|Any CPU
		{5732EF80-7190-4693-BE02-6D56B40FF776}.Debug|Any CPU.ActiveCfg = Debug|Any CPU
		{5732EF80-7190-4693-BE02-6D56B40FF776}.Debug|Any CPU.Build.0 = Debug|Any CPU
		{5732EF80-7190-4693-BE02-6D56B40FF776}.Release|Any CPU.ActiveCfg = Release|Any CPU
		{5732EF80-7190-4693-BE02-6D56B40FF776}.Release|Any CPU.Build.0 = Release|Any CPU
		{04869B28-09C8-4312-9B4D-4ED453C7A9A0}.Debug|Any CPU.ActiveCfg = Debug|Any CPU
		{04869B28-09C8-4312-9B4D-4ED453C7A9A0}.Debug|Any CPU.Build.0 = Debug|Any CPU
		{04869B28-09C8-4312-9B4D-4ED453C7A9A0}.Release|Any CPU.ActiveCfg = Release|Any CPU
		{04869B28-09C8-4312-9B4D-4ED453C7A9A0}.Release|Any CPU.Build.0 = Release|Any CPU
		{DAB13CFB-4144-4B67-A1AE-3D07F530E08A}.Debug|Any CPU.ActiveCfg = Debug|Any CPU
		{DAB13CFB-4144-4B67-A1AE-3D07F530E08A}.Debug|Any CPU.Build.0 = Debug|Any CPU
		{DAB13CFB-4144-4B67-A1AE-3D07F530E08A}.Release|Any CPU.ActiveCfg = Release|Any CPU
		{DAB13CFB-4144-4B67-A1AE-3D07F530E08A}.Release|Any CPU.Build.0 = Release|Any CPU
		{630FF588-D308-4FBA-9E62-44FC1D45091E}.Debug|Any CPU.ActiveCfg = Debug|Any CPU
		{630FF588-D308-4FBA-9E62-44FC1D45091E}.Debug|Any CPU.Build.0 = Debug|Any CPU
		{630FF588-D308-4FBA-9E62-44FC1D45091E}.Release|Any CPU.ActiveCfg = Release|Any CPU
		{630FF588-D308-4FBA-9E62-44FC1D45091E}.Release|Any CPU.Build.0 = Release|Any CPU
		{C084BEFA-DABC-415C-8D81-29A9DB3FF85C}.Debug|Any CPU.ActiveCfg = Debug|Any CPU
		{C084BEFA-DABC-415C-8D81-29A9DB3FF85C}.Debug|Any CPU.Build.0 = Debug|Any CPU
		{C084BEFA-DABC-415C-8D81-29A9DB3FF85C}.Release|Any CPU.ActiveCfg = Release|Any CPU
		{C084BEFA-DABC-415C-8D81-29A9DB3FF85C}.Release|Any CPU.Build.0 = Release|Any CPU
		{2FE4ACDD-64FB-40C3-B542-FA49587CA76C}.Debug|Any CPU.ActiveCfg = Debug|Any CPU
		{2FE4ACDD-64FB-40C3-B542-FA49587CA76C}.Debug|Any CPU.Build.0 = Debug|Any CPU
		{2FE4ACDD-64FB-40C3-B542-FA49587CA76C}.Release|Any CPU.ActiveCfg = Release|Any CPU
		{2FE4ACDD-64FB-40C3-B542-FA49587CA76C}.Release|Any CPU.Build.0 = Release|Any CPU
		{3882309D-617F-4F42-B351-CBCC27398842}.Debug|Any CPU.ActiveCfg = Debug|Any CPU
		{3882309D-617F-4F42-B351-CBCC27398842}.Debug|Any CPU.Build.0 = Debug|Any CPU
		{3882309D-617F-4F42-B351-CBCC27398842}.Release|Any CPU.ActiveCfg = Release|Any CPU
		{3882309D-617F-4F42-B351-CBCC27398842}.Release|Any CPU.Build.0 = Release|Any CPU
		{6F7533FF-AA2E-49B2-B6B3-A5962929AE97}.Debug|Any CPU.ActiveCfg = Debug|Any CPU
		{6F7533FF-AA2E-49B2-B6B3-A5962929AE97}.Debug|Any CPU.Build.0 = Debug|Any CPU
		{6F7533FF-AA2E-49B2-B6B3-A5962929AE97}.Release|Any CPU.ActiveCfg = Release|Any CPU
		{6F7533FF-AA2E-49B2-B6B3-A5962929AE97}.Release|Any CPU.Build.0 = Release|Any CPU
		{9F0A6710-5E00-4FF3-8808-34B0C8558801}.Debug|Any CPU.ActiveCfg = Debug|Any CPU
		{9F0A6710-5E00-4FF3-8808-34B0C8558801}.Debug|Any CPU.Build.0 = Debug|Any CPU
		{9F0A6710-5E00-4FF3-8808-34B0C8558801}.Release|Any CPU.ActiveCfg = Release|Any CPU
		{9F0A6710-5E00-4FF3-8808-34B0C8558801}.Release|Any CPU.Build.0 = Release|Any CPU
		{0E1EE76C-4CF1-4D65-9509-5224B1039768}.Debug|Any CPU.ActiveCfg = Debug|Any CPU
		{0E1EE76C-4CF1-4D65-9509-5224B1039768}.Debug|Any CPU.Build.0 = Debug|Any CPU
		{0E1EE76C-4CF1-4D65-9509-5224B1039768}.Release|Any CPU.ActiveCfg = Release|Any CPU
		{0E1EE76C-4CF1-4D65-9509-5224B1039768}.Release|Any CPU.Build.0 = Release|Any CPU
		{B5962597-678A-4A96-BA0F-EC2A463E6010}.Debug|Any CPU.ActiveCfg = Debug|Any CPU
		{B5962597-678A-4A96-BA0F-EC2A463E6010}.Debug|Any CPU.Build.0 = Debug|Any CPU
		{B5962597-678A-4A96-BA0F-EC2A463E6010}.Release|Any CPU.ActiveCfg = Release|Any CPU
		{B5962597-678A-4A96-BA0F-EC2A463E6010}.Release|Any CPU.Build.0 = Release|Any CPU
	EndGlobalSection
	GlobalSection(SolutionProperties) = preSolution
		HideSolutionNode = FALSE
	EndGlobalSection
	GlobalSection(NestedProjects) = preSolution
		{0EFD3229-E13A-4E0F-ADEE-233B3BE8E8F3} = {6ED356A7-8B47-4613-AD01-C85CF28491BD}
		{EED5FBEE-106F-465D-91DC-1B1C7BFA4BEE} = {0EFD3229-E13A-4E0F-ADEE-233B3BE8E8F3}
		{831652A7-46DB-4BEC-8C29-25DD89C850A2} = {0EFD3229-E13A-4E0F-ADEE-233B3BE8E8F3}
		{A57662AF-3F20-4500-ABAB-AC12EDE74DAD} = {0EFD3229-E13A-4E0F-ADEE-233B3BE8E8F3}
		{7ADB5BE6-AC69-4580-891D-8166067920A5} = {6ED356A7-8B47-4613-AD01-C85CF28491BD}
		{98F5144D-23F9-416B-B593-3210EB320356} = {7ADB5BE6-AC69-4580-891D-8166067920A5}
		{5732EF80-7190-4693-BE02-6D56B40FF776} = {7ADB5BE6-AC69-4580-891D-8166067920A5}
		{04869B28-09C8-4312-9B4D-4ED453C7A9A0} = {7ADB5BE6-AC69-4580-891D-8166067920A5}
		{1105AAF2-B11D-40C1-9FFD-394FE84BCD3A} = {6ED356A7-8B47-4613-AD01-C85CF28491BD}
		{DAB13CFB-4144-4B67-A1AE-3D07F530E08A} = {1105AAF2-B11D-40C1-9FFD-394FE84BCD3A}
		{630FF588-D308-4FBA-9E62-44FC1D45091E} = {1105AAF2-B11D-40C1-9FFD-394FE84BCD3A}
		{C084BEFA-DABC-415C-8D81-29A9DB3FF85C} = {7ADB5BE6-AC69-4580-891D-8166067920A5}
		{2FE4ACDD-64FB-40C3-B542-FA49587CA76C} = {1105AAF2-B11D-40C1-9FFD-394FE84BCD3A}
		{3882309D-617F-4F42-B351-CBCC27398842} = {0EFD3229-E13A-4E0F-ADEE-233B3BE8E8F3}
		{6F7533FF-AA2E-49B2-B6B3-A5962929AE97} = {1105AAF2-B11D-40C1-9FFD-394FE84BCD3A}
		{9F0A6710-5E00-4FF3-8808-34B0C8558801} = {F7AFAFC4-33CA-4B36-BA0D-E4CB767AC232}
		{0E1EE76C-4CF1-4D65-9509-5224B1039768} = {F7AFAFC4-33CA-4B36-BA0D-E4CB767AC232}
		{B5962597-678A-4A96-BA0F-EC2A463E6010} = {F7AFAFC4-33CA-4B36-BA0D-E4CB767AC232}
	EndGlobalSection
	GlobalSection(ExtensibilityGlobals) = postSolution
		SolutionGuid = {3CB609D9-5D54-4C11-A371-DAAC8B74E430}
	EndGlobalSection
EndGlobal
